
Microsoft Visual Studio Solution File, Format Version 12.00
# Visual Studio 2013
VisualStudioVersion = 12.0.30723.0
MinimumVisualStudioVersion = 10.0.40219.1
Project("{FAE04EC0-301F-11D3-BF4B-00C04F79EFBC}") = "CheckoutKata", "CheckoutKata\CheckoutKata.csproj", "{B0623CEB-ED68-4DE1-B0B2-055972606BFF}"
EndProject
Project("{FAE04EC0-301F-11D3-BF4B-00C04F79EFBC}") = "CheckoutKata.UnitTests", "CheckoutKata.UnitTests\CheckoutKata.UnitTests.csproj", "{47371A97-EEE8-4C96-BB23-2143B9DC6B52}"
EndProject
Global
	GlobalSection(SolutionConfigurationPlatforms) = preSolution
		Debug|Any CPU = Debug|Any CPU
		Release|Any CPU = Release|Any CPU
	EndGlobalSection
	GlobalSection(ProjectConfigurationPlatforms) = postSolution
		{B0623CEB-ED68-4DE1-B0B2-055972606BFF}.Debug|Any CPU.ActiveCfg = Debug|Any CPU
		{B0623CEB-ED68-4DE1-B0B2-055972606BFF}.Debug|Any CPU.Build.0 = Debug|Any CPU
		{B0623CEB-ED68-4DE1-B0B2-055972606BFF}.Release|Any CPU.ActiveCfg = Release|Any CPU
		{B0623CEB-ED68-4DE1-B0B2-055972606BFF}.Release|Any CPU.Build.0 = Release|Any CPU
		{47371A97-EEE8-4C96-BB23-2143B9DC6B52}.Debug|Any CPU.ActiveCfg = Debug|Any CPU
		{47371A97-EEE8-4C96-BB23-2143B9DC6B52}.Debug|Any CPU.Build.0 = Debug|Any CPU
		{47371A97-EEE8-4C96-BB23-2143B9DC6B52}.Release|Any CPU.ActiveCfg = Release|Any CPU
		{47371A97-EEE8-4C96-BB23-2143B9DC6B52}.Release|Any CPU.Build.0 = Release|Any CPU
	EndGlobalSection
	GlobalSection(SolutionProperties) = preSolution
		HideSolutionNode = FALSE
	EndGlobalSection
EndGlobal
